
Microsoft Visual Studio Solution File, Format Version 12.00
# Visual Studio Version 17
VisualStudioVersion = 17.5.002.0
MinimumVisualStudioVersion = 10.0.40219.1
Project("{2150E333-8FDC-42A3-9474-1A3956D46DE8}") = "sandbox", "sandbox", "{40878A0A-CE3A-40F3-AEA8-29F84C1C8666}"
EndProject
Project("{9A19103F-16F7-4668-BE54-9A1E7A4F7556}") = "sandbox_project", "sandbox\sandbox_project\sandbox_project.csproj", "{FEEBB8F9-8F58-4C71-9528-D35875F349FC}"
EndProject
Project("{2150E333-8FDC-42A3-9474-1A3956D46DE8}") = "week01", "week01", "{3608F672-2E12-41E6-B964-7433A74674D0}"
EndProject
Project("{9A19103F-16F7-4668-BE54-9A1E7A4F7556}") = "analyze", "week01\analyze\analyze.csproj", "{8B3A0DA5-0118-490A-B5E1-5CFCFA22CA5A}"
EndProject
Project("{9A19103F-16F7-4668-BE54-9A1E7A4F7556}") = "code", "week01\code\code.csproj", "{92904ABC-B93D-4CFB-A191-D436BEAFDDFC}"
EndProject
Project("{9A19103F-16F7-4668-BE54-9A1E7A4F7556}") = "teach", "week01\teach\teach.csproj", "{67D957F9-F239-40B0-99A3-C0FA1B85772B}"
EndProject
Project("{2150E333-8FDC-42A3-9474-1A3956D46DE8}") = "week02", "week02", "{A46C92BB-A234-493B-B3A7-644848449851}"
EndProject
Project("{9A19103F-16F7-4668-BE54-9A1E7A4F7556}") = "analyze", "week02\analyze\analyze.csproj", "{2BD48A98-C328-4AEF-8DDA-1C0BA86F99B4}"
EndProject
Project("{9A19103F-16F7-4668-BE54-9A1E7A4F7556}") = "code", "week02\code\code.csproj", "{0E94E444-00C4-45F6-9E87-5989E0E08C4C}"
EndProject
Project("{9A19103F-16F7-4668-BE54-9A1E7A4F7556}") = "learn", "week02\learn\learn.csproj", "{6CE990CC-64DB-4E25-A09C-977C2A8BE195}"
EndProject
Project("{9A19103F-16F7-4668-BE54-9A1E7A4F7556}") = "teach", "week02\teach\teach.csproj", "{463184B4-0693-402B-AEFB-FC9566813752}"
EndProject
Project("{2150E333-8FDC-42A3-9474-1A3956D46DE8}") = "week03", "week03", "{B6271D1E-6525-4AB5-9466-1E1D280442CE}"
EndProject
Project("{9A19103F-16F7-4668-BE54-9A1E7A4F7556}") = "code", "week03\code\code.csproj", "{CA90CE81-B44F-4A48-9C14-49FBDC2A9478}"
EndProject
Project("{9A19103F-16F7-4668-BE54-9A1E7A4F7556}") = "learn", "week03\learn\learn.csproj", "{07BAA95E-9056-4907-84D6-2DD028680FDF}"
EndProject
Project("{9A19103F-16F7-4668-BE54-9A1E7A4F7556}") = "teach", "week03\teach\teach.csproj", "{437C8E7F-47E5-4832-AD28-F4BC2A26D8E1}"
EndProject
Project("{2150E333-8FDC-42A3-9474-1A3956D46DE8}") = "week04", "week04", "{7BB88AAD-C40D-4E41-BF9F-DC093468DA42}"
EndProject
Project("{9A19103F-16F7-4668-BE54-9A1E7A4F7556}") = "code", "week04\code\code.csproj", "{63E2C654-F040-4BE7-923A-91C11A5ED723}"
EndProject
Project("{2150E333-8FDC-42A3-9474-1A3956D46DE8}") = "week05", "week05", "{C7C0AE1A-0713-4D0A-B15B-9D65312142AB}"
EndProject
Project("{9A19103F-16F7-4668-BE54-9A1E7A4F7556}") = "code", "week05\code\code.csproj", "{811BC7EC-6A20-4FE8-8A36-83DD341C6C89}"
EndProject
Project("{2150E333-8FDC-42A3-9474-1A3956D46DE8}") = "week06", "week06", "{0943BC20-1B8F-4506-A919-46CB6417B3A2}"
EndProject
Project("{9A19103F-16F7-4668-BE54-9A1E7A4F7556}") = "code", "week06\code\code.csproj", "{4A18DEF5-CBF7-4029-9B5E-EAB148A312B6}"
EndProject
Global
	GlobalSection(SolutionConfigurationPlatforms) = preSolution
		Debug|Any CPU = Debug|Any CPU
		Release|Any CPU = Release|Any CPU
	EndGlobalSection
	GlobalSection(ProjectConfigurationPlatforms) = postSolution
		{FEEBB8F9-8F58-4C71-9528-D35875F349FC}.Debug|Any CPU.ActiveCfg = Debug|Any CPU
		{FEEBB8F9-8F58-4C71-9528-D35875F349FC}.Debug|Any CPU.Build.0 = Debug|Any CPU
		{FEEBB8F9-8F58-4C71-9528-D35875F349FC}.Release|Any CPU.ActiveCfg = Release|Any CPU
		{FEEBB8F9-8F58-4C71-9528-D35875F349FC}.Release|Any CPU.Build.0 = Release|Any CPU
		{8B3A0DA5-0118-490A-B5E1-5CFCFA22CA5A}.Debug|Any CPU.ActiveCfg = Debug|Any CPU
		{8B3A0DA5-0118-490A-B5E1-5CFCFA22CA5A}.Debug|Any CPU.Build.0 = Debug|Any CPU
		{8B3A0DA5-0118-490A-B5E1-5CFCFA22CA5A}.Release|Any CPU.ActiveCfg = Release|Any CPU
		{8B3A0DA5-0118-490A-B5E1-5CFCFA22CA5A}.Release|Any CPU.Build.0 = Release|Any CPU
		{92904ABC-B93D-4CFB-A191-D436BEAFDDFC}.Debug|Any CPU.ActiveCfg = Debug|Any CPU
		{92904ABC-B93D-4CFB-A191-D436BEAFDDFC}.Debug|Any CPU.Build.0 = Debug|Any CPU
		{92904ABC-B93D-4CFB-A191-D436BEAFDDFC}.Release|Any CPU.ActiveCfg = Release|Any CPU
		{92904ABC-B93D-4CFB-A191-D436BEAFDDFC}.Release|Any CPU.Build.0 = Release|Any CPU
		{67D957F9-F239-40B0-99A3-C0FA1B85772B}.Debug|Any CPU.ActiveCfg = Debug|Any CPU
		{67D957F9-F239-40B0-99A3-C0FA1B85772B}.Debug|Any CPU.Build.0 = Debug|Any CPU
		{67D957F9-F239-40B0-99A3-C0FA1B85772B}.Release|Any CPU.ActiveCfg = Release|Any CPU
		{67D957F9-F239-40B0-99A3-C0FA1B85772B}.Release|Any CPU.Build.0 = Release|Any CPU
		{2BD48A98-C328-4AEF-8DDA-1C0BA86F99B4}.Debug|Any CPU.ActiveCfg = Debug|Any CPU
		{2BD48A98-C328-4AEF-8DDA-1C0BA86F99B4}.Debug|Any CPU.Build.0 = Debug|Any CPU
		{2BD48A98-C328-4AEF-8DDA-1C0BA86F99B4}.Release|Any CPU.ActiveCfg = Release|Any CPU
		{2BD48A98-C328-4AEF-8DDA-1C0BA86F99B4}.Release|Any CPU.Build.0 = Release|Any CPU
		{0E94E444-00C4-45F6-9E87-5989E0E08C4C}.Debug|Any CPU.ActiveCfg = Debug|Any CPU
		{0E94E444-00C4-45F6-9E87-5989E0E08C4C}.Debug|Any CPU.Build.0 = Debug|Any CPU
		{0E94E444-00C4-45F6-9E87-5989E0E08C4C}.Release|Any CPU.ActiveCfg = Release|Any CPU
		{0E94E444-00C4-45F6-9E87-5989E0E08C4C}.Release|Any CPU.Build.0 = Release|Any CPU
		{6CE990CC-64DB-4E25-A09C-977C2A8BE195}.Debug|Any CPU.ActiveCfg = Debug|Any CPU
		{6CE990CC-64DB-4E25-A09C-977C2A8BE195}.Debug|Any CPU.Build.0 = Debug|Any CPU
		{6CE990CC-64DB-4E25-A09C-977C2A8BE195}.Release|Any CPU.ActiveCfg = Release|Any CPU
		{6CE990CC-64DB-4E25-A09C-977C2A8BE195}.Release|Any CPU.Build.0 = Release|Any CPU
		{463184B4-0693-402B-AEFB-FC9566813752}.Debug|Any CPU.ActiveCfg = Debug|Any CPU
		{463184B4-0693-402B-AEFB-FC9566813752}.Debug|Any CPU.Build.0 = Debug|Any CPU
		{463184B4-0693-402B-AEFB-FC9566813752}.Release|Any CPU.ActiveCfg = Release|Any CPU
		{463184B4-0693-402B-AEFB-FC9566813752}.Release|Any CPU.Build.0 = Release|Any CPU
		{CA90CE81-B44F-4A48-9C14-49FBDC2A9478}.Debug|Any CPU.ActiveCfg = Debug|Any CPU
		{CA90CE81-B44F-4A48-9C14-49FBDC2A9478}.Debug|Any CPU.Build.0 = Debug|Any CPU
		{CA90CE81-B44F-4A48-9C14-49FBDC2A9478}.Release|Any CPU.ActiveCfg = Release|Any CPU
		{CA90CE81-B44F-4A48-9C14-49FBDC2A9478}.Release|Any CPU.Build.0 = Release|Any CPU
		{07BAA95E-9056-4907-84D6-2DD028680FDF}.Debug|Any CPU.ActiveCfg = Debug|Any CPU
		{07BAA95E-9056-4907-84D6-2DD028680FDF}.Debug|Any CPU.Build.0 = Debug|Any CPU
		{07BAA95E-9056-4907-84D6-2DD028680FDF}.Release|Any CPU.ActiveCfg = Release|Any CPU
		{07BAA95E-9056-4907-84D6-2DD028680FDF}.Release|Any CPU.Build.0 = Release|Any CPU
		{437C8E7F-47E5-4832-AD28-F4BC2A26D8E1}.Debug|Any CPU.ActiveCfg = Debug|Any CPU
		{437C8E7F-47E5-4832-AD28-F4BC2A26D8E1}.Debug|Any CPU.Build.0 = Debug|Any CPU
		{437C8E7F-47E5-4832-AD28-F4BC2A26D8E1}.Release|Any CPU.ActiveCfg = Release|Any CPU
		{437C8E7F-47E5-4832-AD28-F4BC2A26D8E1}.Release|Any CPU.Build.0 = Release|Any CPU
		{63E2C654-F040-4BE7-923A-91C11A5ED723}.Debug|Any CPU.ActiveCfg = Debug|Any CPU
		{63E2C654-F040-4BE7-923A-91C11A5ED723}.Debug|Any CPU.Build.0 = Debug|Any CPU
		{63E2C654-F040-4BE7-923A-91C11A5ED723}.Release|Any CPU.ActiveCfg = Release|Any CPU
		{63E2C654-F040-4BE7-923A-91C11A5ED723}.Release|Any CPU.Build.0 = Release|Any CPU
		{811BC7EC-6A20-4FE8-8A36-83DD341C6C89}.Debug|Any CPU.ActiveCfg = Debug|Any CPU
		{811BC7EC-6A20-4FE8-8A36-83DD341C6C89}.Debug|Any CPU.Build.0 = Debug|Any CPU
		{811BC7EC-6A20-4FE8-8A36-83DD341C6C89}.Release|Any CPU.ActiveCfg = Release|Any CPU
		{811BC7EC-6A20-4FE8-8A36-83DD341C6C89}.Release|Any CPU.Build.0 = Release|Any CPU
		{4A18DEF5-CBF7-4029-9B5E-EAB148A312B6}.Debug|Any CPU.ActiveCfg = Debug|Any CPU
		{4A18DEF5-CBF7-4029-9B5E-EAB148A312B6}.Debug|Any CPU.Build.0 = Debug|Any CPU
		{4A18DEF5-CBF7-4029-9B5E-EAB148A312B6}.Release|Any CPU.ActiveCfg = Release|Any CPU
		{4A18DEF5-CBF7-4029-9B5E-EAB148A312B6}.Release|Any CPU.Build.0 = Release|Any CPU
	EndGlobalSection
	GlobalSection(SolutionProperties) = preSolution
		HideSolutionNode = FALSE
	EndGlobalSection
	GlobalSection(NestedProjects) = preSolution
		{FEEBB8F9-8F58-4C71-9528-D35875F349FC} = {40878A0A-CE3A-40F3-AEA8-29F84C1C8666}
		{8B3A0DA5-0118-490A-B5E1-5CFCFA22CA5A} = {3608F672-2E12-41E6-B964-7433A74674D0}
		{92904ABC-B93D-4CFB-A191-D436BEAFDDFC} = {3608F672-2E12-41E6-B964-7433A74674D0}
		{67D957F9-F239-40B0-99A3-C0FA1B85772B} = {3608F672-2E12-41E6-B964-7433A74674D0}
		{2BD48A98-C328-4AEF-8DDA-1C0BA86F99B4} = {A46C92BB-A234-493B-B3A7-644848449851}
		{0E94E444-00C4-45F6-9E87-5989E0E08C4C} = {A46C92BB-A234-493B-B3A7-644848449851}
		{6CE990CC-64DB-4E25-A09C-977C2A8BE195} = {A46C92BB-A234-493B-B3A7-644848449851}
		{463184B4-0693-402B-AEFB-FC9566813752} = {A46C92BB-A234-493B-B3A7-644848449851}
		{CA90CE81-B44F-4A48-9C14-49FBDC2A9478} = {B6271D1E-6525-4AB5-9466-1E1D280442CE}
		{07BAA95E-9056-4907-84D6-2DD028680FDF} = {B6271D1E-6525-4AB5-9466-1E1D280442CE}
		{437C8E7F-47E5-4832-AD28-F4BC2A26D8E1} = {B6271D1E-6525-4AB5-9466-1E1D280442CE}
		{63E2C654-F040-4BE7-923A-91C11A5ED723} = {7BB88AAD-C40D-4E41-BF9F-DC093468DA42}
		{811BC7EC-6A20-4FE8-8A36-83DD341C6C89} = {C7C0AE1A-0713-4D0A-B15B-9D65312142AB}
		{4A18DEF5-CBF7-4029-9B5E-EAB148A312B6} = {0943BC20-1B8F-4506-A919-46CB6417B3A2}
	EndGlobalSection
	GlobalSection(ExtensibilityGlobals) = postSolution
		SolutionGuid = {73F1DA3A-4CE7-48C3-8E19-3657F9480A3E}
	EndGlobalSection
EndGlobal
